PODS:
  - Masonry (1.0.1)
  - MMDrawerController (0.5.7):
    - MMDrawerController/Core (= 0.5.7)
    - MMDrawerController/MMDrawerBarButtonItem (= 0.5.7)
    - MMDrawerController/MMDrawerVisualStates (= 0.5.7)
    - MMDrawerController/Subclass (= 0.5.7)
  - MMDrawerController/Core (0.5.7)
  - MMDrawerController/MMDrawerBarButtonItem (0.5.7):
    - MMDrawerController/Core
  - MMDrawerController/MMDrawerVisualStates (0.5.7):
    - MMDrawerController/Core
  - MMDrawerController/Subclass (0.5.7):
    - MMDrawerController/Core
  - Realm (1.0.1):
    - Realm/Headers (= 1.0.1)
  - Realm/Headers (1.0.1)
  - SVProgressHUD (2.0.3)
  - YYText (1.0.5)

DEPENDENCIES:
  - Masonry
  - MMDrawerController (~> 0.5.7)
  - Realm
  - SVProgressHUD
  - YYText

SPEC CHECKSUMS:
  Masonry: a1a931a0d08870ed8ae415a2ea5ea68ebcac77df
  MMDrawerController: 7a4cf8e25596bf2434e03ce50d22a8608ddee6a1
  Realm: 2e15e39d35b08abb529e212ed5d8af107b5236c8
  SVProgressHUD: b0830714205bea1317ea1a2ebc71e5633af334d4
  YYText: ac09660c9ccd9b817f409a20caa6f5587444d2ae

PODFILE CHECKSUM: 8017dbccd43d87d302bf35ad4b767586c84b2e8d

COCOAPODS: 1.0.1
